
Microsoft Visual Studio Solution File, Format Version 12.00
# Visual Studio Version 17
VisualStudioVersion = 17.6.33712.159
MinimumVisualStudioVersion = 10.0.40219.1
Project("{E24C65DC-7377-472B-9ABA-BC803B73C61A}") = "threejs-examples-how-to-program-a-3d-comet-particle-system", ".", "{D751A46D-BEB1-4A66-BF48-977DB9F3A11B}"
	ProjectSection(WebsiteProperties) = preProject
		TargetFrameworkMoniker = ".NETFramework,Version%3Dv4.8"
		Debug.AspNetCompiler.VirtualPath = "/localhost_58241"
		Debug.AspNetCompiler.PhysicalPath = "..\threejs-examples-how-to-program-a-3d-comet-particle-system\"
		Debug.AspNetCompiler.TargetPath = "PrecompiledWeb\localhost_58241\"
		Debug.AspNetCompiler.Updateable = "true"
		Debug.AspNetCompiler.ForceOverwrite = "true"
		Debug.AspNetCompiler.FixedNames = "false"
		Debug.AspNetCompiler.Debug = "True"
		Release.AspNetCompiler.VirtualPath = "/localhost_58241"
		Release.AspNetCompiler.PhysicalPath = "..\threejs-examples-how-to-program-a-3d-comet-particle-system\"
		Release.AspNetCompiler.TargetPath = "PrecompiledWeb\localhost_58241\"
		Release.AspNetCompiler.Updateable = "true"
		Release.AspNetCompiler.ForceOverwrite = "true"
		Release.AspNetCompiler.FixedNames = "false"
		Release.AspNetCompiler.Debug = "False"
		VWDPort = "58241"
		SlnRelativePath = "..\threejs-examples-how-to-program-a-3d-comet-particle-system\"
	EndProjectSection
EndProject
Global
	GlobalSection(SolutionConfigurationPlatforms) = preSolution
		Debug|Any CPU = Debug|Any CPU
	EndGlobalSection
	GlobalSection(ProjectConfigurationPlatforms) = postSolution
		{D751A46D-BEB1-4A66-BF48-977DB9F3A11B}.Debug|Any CPU.ActiveCfg = Debug|Any CPU
		{D751A46D-BEB1-4A66-BF48-977DB9F3A11B}.Debug|Any CPU.Build.0 = Debug|Any CPU
	EndGlobalSection
	GlobalSection(SolutionProperties) = preSolution
		HideSolutionNode = FALSE
	EndGlobalSection
	GlobalSection(ExtensibilityGlobals) = postSolution
		SolutionGuid = {EAAC25AC-4B43-4EAF-A051-8F0F5EF52ED2}
	EndGlobalSection
EndGlobal
